
Microsoft Visual Studio Solution File, Format Version 12.00
# Visual Studio Version 17
VisualStudioVersion = 17.0.31903.59
MinimumVisualStudioVersion = 10.0.40219.1
Project("{2150E333-8FDC-42A3-9474-1A3956D46DE8}") = "src", "src", "{827E0CD3-B72D-47B6-A68D-7590B98EB39B}"
EndProject
Project("{FAE04EC0-301F-11D3-BF4B-00C04F79EFBC}") = "AppHost", "src\AppHost\AppHost.csproj", "{DF49264C-BA41-4845-8D7E-C7AD4EA75E8B}"
EndProject
Project("{FAE04EC0-301F-11D3-BF4B-00C04F79EFBC}") = "ServiceDefaults", "src\ServiceDefaults\ServiceDefaults.csproj", "{F073C884-8AC5-48A9-B1E1-7722CED30134}"
EndProject
Project("{FAE04EC0-301F-11D3-BF4B-00C04F79EFBC}") = "Gateway", "src\Gateway\Gateway.csproj", "{630195F3-5CB4-4414-A951-AA85D8277338}"
EndProject
Project("{FAE04EC0-301F-11D3-BF4B-00C04F79EFBC}") = "Blazor.Server", "src\UI\Blazor.Server\Blazor.Server.csproj", "{1BF9A82C-326A-4F4B-8F0F-5C1F847AAFCB}"
EndProject
Project("{FAE04EC0-301F-11D3-BF4B-00C04F79EFBC}") = "Procurement.Domain", "src\Modules\Procurement\Procurement.Domain\Procurement.Domain.csproj", "{DA6573A1-93D7-49C7-8E60-5DA4ACB4AE30}"
EndProject
Project("{FAE04EC0-301F-11D3-BF4B-00C04F79EFBC}") = "Procurement.Application", "src\Modules\Procurement\Procurement.Application\Procurement.Application.csproj", "{17DDC83D-84E4-4841-A127-58B4F743115E}"
EndProject
Project("{FAE04EC0-301F-11D3-BF4B-00C04F79EFBC}") = "Procurement.Infrastructure", "src\Modules\Procurement\Procurement.Infrastructure\Procurement.Infrastructure.csproj", "{28B306BF-B051-4368-9DB0-CEA2B70E1BB4}"
EndProject
Project("{FAE04EC0-301F-11D3-BF4B-00C04F79EFBC}") = "Procurement.Contracts", "src\Modules\Procurement\Procurement.Contracts\Procurement.Contracts.csproj", "{D3C1EA10-CA71-4DEF-AA10-3920067BFCB5}"
EndProject
Project("{FAE04EC0-301F-11D3-BF4B-00C04F79EFBC}") = "Procurement.Api", "src\Modules\Procurement\Procurement.Api\Procurement.Api.csproj", "{FBA7F058-500B-4261-8CB3-1CFA670E6682}"
EndProject
Project("{FAE04EC0-301F-11D3-BF4B-00C04F79EFBC}") = "Inventory.Domain", "src\Modules\Inventory\Inventory.Domain\Inventory.Domain.csproj", "{F22E1512-7183-48D6-8EA7-DC0EB1B01518}"
EndProject
Project("{FAE04EC0-301F-11D3-BF4B-00C04F79EFBC}") = "Inventory.Application", "src\Modules\Inventory\Inventory.Application\Inventory.Application.csproj", "{FB3DF6AA-93C5-428F-8F06-5ED9F63F8BF7}"
EndProject
Project("{FAE04EC0-301F-11D3-BF4B-00C04F79EFBC}") = "Inventory.Infrastructure", "src\Modules\Inventory\Inventory.Infrastructure\Inventory.Infrastructure.csproj", "{E1431A4D-DDB0-4DB8-87C8-A4D44E13C7A7}"
EndProject
Project("{FAE04EC0-301F-11D3-BF4B-00C04F79EFBC}") = "Inventory.Contracts", "src\Modules\Inventory\Inventory.Contracts\Inventory.Contracts.csproj", "{193CDAAF-61F9-4409-9795-B6F931414D1E}"
EndProject
Project("{FAE04EC0-301F-11D3-BF4B-00C04F79EFBC}") = "Inventory.Api", "src\Modules\Inventory\Inventory.Api\Inventory.Api.csproj", "{C83F5044-52D1-4BBE-B88F-1510DFC85683}"
EndProject
Project("{FAE04EC0-301F-11D3-BF4B-00C04F79EFBC}") = "Procurement.Application.Tests", "tests\Procurement.Application.Tests\Procurement.Application.Tests.csproj", "{1C28066A-A5E0-408C-80A2-B871C0916481}"
EndProject
Project("{FAE04EC0-301F-11D3-BF4B-00C04F79EFBC}") = "Inventory.Infrastructure.Tests", "tests\Inventory.Infrastructure.Tests\Inventory.Infrastructure.Tests.csproj", "{7964AC50-3260-47A6-BA97-92B2E0330BB7}"
EndProject
Project("{FAE04EC0-301F-11D3-BF4B-00C04F79EFBC}") = "ArchitectureTests", "tests\ArchitectureTests\ArchitectureTests.csproj", "{8FA22007-3838-4CAB-9392-DC35C758F324}"
EndProject
Global
	GlobalSection(SolutionConfigurationPlatforms) = preSolution
		Debug|Any CPU = Debug|Any CPU
		Debug|x64 = Debug|x64
		Debug|x86 = Debug|x86
		Release|Any CPU = Release|Any CPU
		Release|x64 = Release|x64
		Release|x86 = Release|x86
	EndGlobalSection
	GlobalSection(ProjectConfigurationPlatforms) = postSolution
		{DF49264C-BA41-4845-8D7E-C7AD4EA75E8B}.Debug|Any CPU.ActiveCfg = Debug|Any CPU
		{DF49264C-BA41-4845-8D7E-C7AD4EA75E8B}.Debug|Any CPU.Build.0 = Debug|Any CPU
		{DF49264C-BA41-4845-8D7E-C7AD4EA75E8B}.Debug|x64.ActiveCfg = Debug|Any CPU
		{DF49264C-BA41-4845-8D7E-C7AD4EA75E8B}.Debug|x64.Build.0 = Debug|Any CPU
		{DF49264C-BA41-4845-8D7E-C7AD4EA75E8B}.Debug|x86.ActiveCfg = Debug|Any CPU
		{DF49264C-BA41-4845-8D7E-C7AD4EA75E8B}.Debug|x86.Build.0 = Debug|Any CPU
		{DF49264C-BA41-4845-8D7E-C7AD4EA75E8B}.Release|Any CPU.ActiveCfg = Release|Any CPU
		{DF49264C-BA41-4845-8D7E-C7AD4EA75E8B}.Release|Any CPU.Build.0 = Release|Any CPU
		{DF49264C-BA41-4845-8D7E-C7AD4EA75E8B}.Release|x64.ActiveCfg = Release|Any CPU
		{DF49264C-BA41-4845-8D7E-C7AD4EA75E8B}.Release|x64.Build.0 = Release|Any CPU
		{DF49264C-BA41-4845-8D7E-C7AD4EA75E8B}.Release|x86.ActiveCfg = Release|Any CPU
		{DF49264C-BA41-4845-8D7E-C7AD4EA75E8B}.Release|x86.Build.0 = Release|Any CPU
		{F073C884-8AC5-48A9-B1E1-7722CED30134}.Debug|Any CPU.ActiveCfg = Debug|Any CPU
		{F073C884-8AC5-48A9-B1E1-7722CED30134}.Debug|Any CPU.Build.0 = Debug|Any CPU
		{F073C884-8AC5-48A9-B1E1-7722CED30134}.Debug|x64.ActiveCfg = Debug|Any CPU
		{F073C884-8AC5-48A9-B1E1-7722CED30134}.Debug|x64.Build.0 = Debug|Any CPU
		{F073C884-8AC5-48A9-B1E1-7722CED30134}.Debug|x86.ActiveCfg = Debug|Any CPU
		{F073C884-8AC5-48A9-B1E1-7722CED30134}.Debug|x86.Build.0 = Debug|Any CPU
		{F073C884-8AC5-48A9-B1E1-7722CED30134}.Release|Any CPU.ActiveCfg = Release|Any CPU
		{F073C884-8AC5-48A9-B1E1-7722CED30134}.Release|Any CPU.Build.0 = Release|Any CPU
		{F073C884-8AC5-48A9-B1E1-7722CED30134}.Release|x64.ActiveCfg = Release|Any CPU
		{F073C884-8AC5-48A9-B1E1-7722CED30134}.Release|x64.Build.0 = Release|Any CPU
		{F073C884-8AC5-48A9-B1E1-7722CED30134}.Release|x86.ActiveCfg = Release|Any CPU
		{F073C884-8AC5-48A9-B1E1-7722CED30134}.Release|x86.Build.0 = Release|Any CPU
		{630195F3-5CB4-4414-A951-AA85D8277338}.Debug|Any CPU.ActiveCfg = Debug|Any CPU
		{630195F3-5CB4-4414-A951-AA85D8277338}.Debug|Any CPU.Build.0 = Debug|Any CPU
		{630195F3-5CB4-4414-A951-AA85D8277338}.Debug|x64.ActiveCfg = Debug|Any CPU
		{630195F3-5CB4-4414-A951-AA85D8277338}.Debug|x64.Build.0 = Debug|Any CPU
		{630195F3-5CB4-4414-A951-AA85D8277338}.Debug|x86.ActiveCfg = Debug|Any CPU
		{630195F3-5CB4-4414-A951-AA85D8277338}.Debug|x86.Build.0 = Debug|Any CPU
		{630195F3-5CB4-4414-A951-AA85D8277338}.Release|Any CPU.ActiveCfg = Release|Any CPU
		{630195F3-5CB4-4414-A951-AA85D8277338}.Release|Any CPU.Build.0 = Release|Any CPU
		{630195F3-5CB4-4414-A951-AA85D8277338}.Release|x64.ActiveCfg = Release|Any CPU
		{630195F3-5CB4-4414-A951-AA85D8277338}.Release|x64.Build.0 = Release|Any CPU
		{630195F3-5CB4-4414-A951-AA85D8277338}.Release|x86.ActiveCfg = Release|Any CPU
		{630195F3-5CB4-4414-A951-AA85D8277338}.Release|x86.Build.0 = Release|Any CPU
		{1BF9A82C-326A-4F4B-8F0F-5C1F847AAFCB}.Debug|Any CPU.ActiveCfg = Debug|Any CPU
		{1BF9A82C-326A-4F4B-8F0F-5C1F847AAFCB}.Debug|Any CPU.Build.0 = Debug|Any CPU
		{1BF9A82C-326A-4F4B-8F0F-5C1F847AAFCB}.Debug|x64.ActiveCfg = Debug|Any CPU
		{1BF9A82C-326A-4F4B-8F0F-5C1F847AAFCB}.Debug|x64.Build.0 = Debug|Any CPU
		{1BF9A82C-326A-4F4B-8F0F-5C1F847AAFCB}.Debug|x86.ActiveCfg = Debug|Any CPU
		{1BF9A82C-326A-4F4B-8F0F-5C1F847AAFCB}.Debug|x86.Build.0 = Debug|Any CPU
		{1BF9A82C-326A-4F4B-8F0F-5C1F847AAFCB}.Release|Any CPU.ActiveCfg = Release|Any CPU
		{1BF9A82C-326A-4F4B-8F0F-5C1F847AAFCB}.Release|Any CPU.Build.0 = Release|Any CPU
		{1BF9A82C-326A-4F4B-8F0F-5C1F847AAFCB}.Release|x64.ActiveCfg = Release|Any CPU
		{1BF9A82C-326A-4F4B-8F0F-5C1F847AAFCB}.Release|x64.Build.0 = Release|Any CPU
		{1BF9A82C-326A-4F4B-8F0F-5C1F847AAFCB}.Release|x86.ActiveCfg = Release|Any CPU
		{1BF9A82C-326A-4F4B-8F0F-5C1F847AAFCB}.Release|x86.Build.0 = Release|Any CPU
		{DA6573A1-93D7-49C7-8E60-5DA4ACB4AE30}.Debug|Any CPU.ActiveCfg = Debug|Any CPU
		{DA6573A1-93D7-49C7-8E60-5DA4ACB4AE30}.Debug|Any CPU.Build.0 = Debug|Any CPU
		{DA6573A1-93D7-49C7-8E60-5DA4ACB4AE30}.Debug|x64.ActiveCfg = Debug|Any CPU
		{DA6573A1-93D7-49C7-8E60-5DA4ACB4AE30}.Debug|x64.Build.0 = Debug|Any CPU
		{DA6573A1-93D7-49C7-8E60-5DA4ACB4AE30}.Debug|x86.ActiveCfg = Debug|Any CPU
		{DA6573A1-93D7-49C7-8E60-5DA4ACB4AE30}.Debug|x86.Build.0 = Debug|Any CPU
		{DA6573A1-93D7-49C7-8E60-5DA4ACB4AE30}.Release|Any CPU.ActiveCfg = Release|Any CPU
		{DA6573A1-93D7-49C7-8E60-5DA4ACB4AE30}.Release|Any CPU.Build.0 = Release|Any CPU
		{DA6573A1-93D7-49C7-8E60-5DA4ACB4AE30}.Release|x64.ActiveCfg = Release|Any CPU
		{DA6573A1-93D7-49C7-8E60-5DA4ACB4AE30}.Release|x64.Build.0 = Release|Any CPU
		{DA6573A1-93D7-49C7-8E60-5DA4ACB4AE30}.Release|x86.ActiveCfg = Release|Any CPU
		{DA6573A1-93D7-49C7-8E60-5DA4ACB4AE30}.Release|x86.Build.0 = Release|Any CPU
		{17DDC83D-84E4-4841-A127-58B4F743115E}.Debug|Any CPU.ActiveCfg = Debug|Any CPU
		{17DDC83D-84E4-4841-A127-58B4F743115E}.Debug|Any CPU.Build.0 = Debug|Any CPU
		{17DDC83D-84E4-4841-A127-58B4F743115E}.Debug|x64.ActiveCfg = Debug|Any CPU
		{17DDC83D-84E4-4841-A127-58B4F743115E}.Debug|x64.Build.0 = Debug|Any CPU
		{17DDC83D-84E4-4841-A127-58B4F743115E}.Debug|x86.ActiveCfg = Debug|Any CPU
		{17DDC83D-84E4-4841-A127-58B4F743115E}.Debug|x86.Build.0 = Debug|Any CPU
		{17DDC83D-84E4-4841-A127-58B4F743115E}.Release|Any CPU.ActiveCfg = Release|Any CPU
		{17DDC83D-84E4-4841-A127-58B4F743115E}.Release|Any CPU.Build.0 = Release|Any CPU
		{17DDC83D-84E4-4841-A127-58B4F743115E}.Release|x64.ActiveCfg = Release|Any CPU
		{17DDC83D-84E4-4841-A127-58B4F743115E}.Release|x64.Build.0 = Release|Any CPU
		{17DDC83D-84E4-4841-A127-58B4F743115E}.Release|x86.ActiveCfg = Release|Any CPU
		{17DDC83D-84E4-4841-A127-58B4F743115E}.Release|x86.Build.0 = Release|Any CPU
		{28B306BF-B051-4368-9DB0-CEA2B70E1BB4}.Debug|Any CPU.ActiveCfg = Debug|Any CPU
		{28B306BF-B051-4368-9DB0-CEA2B70E1BB4}.Debug|Any CPU.Build.0 = Debug|Any CPU
		{28B306BF-B051-4368-9DB0-CEA2B70E1BB4}.Debug|x64.ActiveCfg = Debug|Any CPU
		{28B306BF-B051-4368-9DB0-CEA2B70E1BB4}.Debug|x64.Build.0 = Debug|Any CPU
		{28B306BF-B051-4368-9DB0-CEA2B70E1BB4}.Debug|x86.ActiveCfg = Debug|Any CPU
		{28B306BF-B051-4368-9DB0-CEA2B70E1BB4}.Debug|x86.Build.0 = Debug|Any CPU
		{28B306BF-B051-4368-9DB0-CEA2B70E1BB4}.Release|Any CPU.ActiveCfg = Release|Any CPU
		{28B306BF-B051-4368-9DB0-CEA2B70E1BB4}.Release|Any CPU.Build.0 = Release|Any CPU
		{28B306BF-B051-4368-9DB0-CEA2B70E1BB4}.Release|x64.ActiveCfg = Release|Any CPU
		{28B306BF-B051-4368-9DB0-CEA2B70E1BB4}.Release|x64.Build.0 = Release|Any CPU
		{28B306BF-B051-4368-9DB0-CEA2B70E1BB4}.Release|x86.ActiveCfg = Release|Any CPU
		{28B306BF-B051-4368-9DB0-CEA2B70E1BB4}.Release|x86.Build.0 = Release|Any CPU
		{D3C1EA10-CA71-4DEF-AA10-3920067BFCB5}.Debug|Any CPU.ActiveCfg = Debug|Any CPU
		{D3C1EA10-CA71-4DEF-AA10-3920067BFCB5}.Debug|Any CPU.Build.0 = Debug|Any CPU
		{D3C1EA10-CA71-4DEF-AA10-3920067BFCB5}.Debug|x64.ActiveCfg = Debug|Any CPU
		{D3C1EA10-CA71-4DEF-AA10-3920067BFCB5}.Debug|x64.Build.0 = Debug|Any CPU
		{D3C1EA10-CA71-4DEF-AA10-3920067BFCB5}.Debug|x86.ActiveCfg = Debug|Any CPU
		{D3C1EA10-CA71-4DEF-AA10-3920067BFCB5}.Debug|x86.Build.0 = Debug|Any CPU
		{D3C1EA10-CA71-4DEF-AA10-3920067BFCB5}.Release|Any CPU.ActiveCfg = Release|Any CPU
		{D3C1EA10-CA71-4DEF-AA10-3920067BFCB5}.Release|Any CPU.Build.0 = Release|Any CPU
		{D3C1EA10-CA71-4DEF-AA10-3920067BFCB5}.Release|x64.ActiveCfg = Release|Any CPU
		{D3C1EA10-CA71-4DEF-AA10-3920067BFCB5}.Release|x64.Build.0 = Release|Any CPU
		{D3C1EA10-CA71-4DEF-AA10-3920067BFCB5}.Release|x86.ActiveCfg = Release|Any CPU
		{D3C1EA10-CA71-4DEF-AA10-3920067BFCB5}.Release|x86.Build.0 = Release|Any CPU
		{FBA7F058-500B-4261-8CB3-1CFA670E6682}.Debug|Any CPU.ActiveCfg = Debug|Any CPU
		{FBA7F058-500B-4261-8CB3-1CFA670E6682}.Debug|Any CPU.Build.0 = Debug|Any CPU
		{FBA7F058-500B-4261-8CB3-1CFA670E6682}.Debug|x64.ActiveCfg = Debug|Any CPU
		{FBA7F058-500B-4261-8CB3-1CFA670E6682}.Debug|x64.Build.0 = Debug|Any CPU
		{FBA7F058-500B-4261-8CB3-1CFA670E6682}.Debug|x86.ActiveCfg = Debug|Any CPU
		{FBA7F058-500B-4261-8CB3-1CFA670E6682}.Debug|x86.Build.0 = Debug|Any CPU
		{FBA7F058-500B-4261-8CB3-1CFA670E6682}.Release|Any CPU.ActiveCfg = Release|Any CPU
		{FBA7F058-500B-4261-8CB3-1CFA670E6682}.Release|Any CPU.Build.0 = Release|Any CPU
		{FBA7F058-500B-4261-8CB3-1CFA670E6682}.Release|x64.ActiveCfg = Release|Any CPU
		{FBA7F058-500B-4261-8CB3-1CFA670E6682}.Release|x64.Build.0 = Release|Any CPU
		{FBA7F058-500B-4261-8CB3-1CFA670E6682}.Release|x86.ActiveCfg = Release|Any CPU
		{FBA7F058-500B-4261-8CB3-1CFA670E6682}.Release|x86.Build.0 = Release|Any CPU
		{F22E1512-7183-48D6-8EA7-DC0EB1B01518}.Debug|Any CPU.ActiveCfg = Debug|Any CPU
		{F22E1512-7183-48D6-8EA7-DC0EB1B01518}.Debug|Any CPU.Build.0 = Debug|Any CPU
		{F22E1512-7183-48D6-8EA7-DC0EB1B01518}.Debug|x64.ActiveCfg = Debug|Any CPU
		{F22E1512-7183-48D6-8EA7-DC0EB1B01518}.Debug|x64.Build.0 = Debug|Any CPU
		{F22E1512-7183-48D6-8EA7-DC0EB1B01518}.Debug|x86.ActiveCfg = Debug|Any CPU
		{F22E1512-7183-48D6-8EA7-DC0EB1B01518}.Debug|x86.Build.0 = Debug|Any CPU
		{F22E1512-7183-48D6-8EA7-DC0EB1B01518}.Release|Any CPU.ActiveCfg = Release|Any CPU
		{F22E1512-7183-48D6-8EA7-DC0EB1B01518}.Release|Any CPU.Build.0 = Release|Any CPU
		{F22E1512-7183-48D6-8EA7-DC0EB1B01518}.Release|x64.ActiveCfg = Release|Any CPU
		{F22E1512-7183-48D6-8EA7-DC0EB1B01518}.Release|x64.Build.0 = Release|Any CPU
		{F22E1512-7183-48D6-8EA7-DC0EB1B01518}.Release|x86.ActiveCfg = Release|Any CPU
		{F22E1512-7183-48D6-8EA7-DC0EB1B01518}.Release|x86.Build.0 = Release|Any CPU
		{FB3DF6AA-93C5-428F-8F06-5ED9F63F8BF7}.Debug|Any CPU.ActiveCfg = Debug|Any CPU
		{FB3DF6AA-93C5-428F-8F06-5ED9F63F8BF7}.Debug|Any CPU.Build.0 = Debug|Any CPU
		{FB3DF6AA-93C5-428F-8F06-5ED9F63F8BF7}.Debug|x64.ActiveCfg = Debug|Any CPU
		{FB3DF6AA-93C5-428F-8F06-5ED9F63F8BF7}.Debug|x64.Build.0 = Debug|Any CPU
		{FB3DF6AA-93C5-428F-8F06-5ED9F63F8BF7}.Debug|x86.ActiveCfg = Debug|Any CPU
		{FB3DF6AA-93C5-428F-8F06-5ED9F63F8BF7}.Debug|x86.Build.0 = Debug|Any CPU
		{FB3DF6AA-93C5-428F-8F06-5ED9F63F8BF7}.Release|Any CPU.ActiveCfg = Release|Any CPU
		{FB3DF6AA-93C5-428F-8F06-5ED9F63F8BF7}.Release|Any CPU.Build.0 = Release|Any CPU
		{FB3DF6AA-93C5-428F-8F06-5ED9F63F8BF7}.Release|x64.ActiveCfg = Release|Any CPU
		{FB3DF6AA-93C5-428F-8F06-5ED9F63F8BF7}.Release|x64.Build.0 = Release|Any CPU
		{FB3DF6AA-93C5-428F-8F06-5ED9F63F8BF7}.Release|x86.ActiveCfg = Release|Any CPU
		{FB3DF6AA-93C5-428F-8F06-5ED9F63F8BF7}.Release|x86.Build.0 = Release|Any CPU
		{E1431A4D-DDB0-4DB8-87C8-A4D44E13C7A7}.Debug|Any CPU.ActiveCfg = Debug|Any CPU
		{E1431A4D-DDB0-4DB8-87C8-A4D44E13C7A7}.Debug|Any CPU.Build.0 = Debug|Any CPU
		{E1431A4D-DDB0-4DB8-87C8-A4D44E13C7A7}.Debug|x64.ActiveCfg = Debug|Any CPU
		{E1431A4D-DDB0-4DB8-87C8-A4D44E13C7A7}.Debug|x64.Build.0 = Debug|Any CPU
		{E1431A4D-DDB0-4DB8-87C8-A4D44E13C7A7}.Debug|x86.ActiveCfg = Debug|Any CPU
		{E1431A4D-DDB0-4DB8-87C8-A4D44E13C7A7}.Debug|x86.Build.0 = Debug|Any CPU
		{E1431A4D-DDB0-4DB8-87C8-A4D44E13C7A7}.Release|Any CPU.ActiveCfg = Release|Any CPU
		{E1431A4D-DDB0-4DB8-87C8-A4D44E13C7A7}.Release|Any CPU.Build.0 = Release|Any CPU
		{E1431A4D-DDB0-4DB8-87C8-A4D44E13C7A7}.Release|x64.ActiveCfg = Release|Any CPU
		{E1431A4D-DDB0-4DB8-87C8-A4D44E13C7A7}.Release|x64.Build.0 = Release|Any CPU
		{E1431A4D-DDB0-4DB8-87C8-A4D44E13C7A7}.Release|x86.ActiveCfg = Release|Any CPU
		{E1431A4D-DDB0-4DB8-87C8-A4D44E13C7A7}.Release|x86.Build.0 = Release|Any CPU
		{193CDAAF-61F9-4409-9795-B6F931414D1E}.Debug|Any CPU.ActiveCfg = Debug|Any CPU
		{193CDAAF-61F9-4409-9795-B6F931414D1E}.Debug|Any CPU.Build.0 = Debug|Any CPU
		{193CDAAF-61F9-4409-9795-B6F931414D1E}.Debug|x64.ActiveCfg = Debug|Any CPU
		{193CDAAF-61F9-4409-9795-B6F931414D1E}.Debug|x64.Build.0 = Debug|Any CPU
		{193CDAAF-61F9-4409-9795-B6F931414D1E}.Debug|x86.ActiveCfg = Debug|Any CPU
		{193CDAAF-61F9-4409-9795-B6F931414D1E}.Debug|x86.Build.0 = Debug|Any CPU
		{193CDAAF-61F9-4409-9795-B6F931414D1E}.Release|Any CPU.ActiveCfg = Release|Any CPU
		{193CDAAF-61F9-4409-9795-B6F931414D1E}.Release|Any CPU.Build.0 = Release|Any CPU
		{193CDAAF-61F9-4409-9795-B6F931414D1E}.Release|x64.ActiveCfg = Release|Any CPU
		{193CDAAF-61F9-4409-9795-B6F931414D1E}.Release|x64.Build.0 = Release|Any CPU
		{193CDAAF-61F9-4409-9795-B6F931414D1E}.Release|x86.ActiveCfg = Release|Any CPU
		{193CDAAF-61F9-4409-9795-B6F931414D1E}.Release|x86.Build.0 = Release|Any CPU
		{C83F5044-52D1-4BBE-B88F-1510DFC85683}.Debug|Any CPU.ActiveCfg = Debug|Any CPU
		{C83F5044-52D1-4BBE-B88F-1510DFC85683}.Debug|Any CPU.Build.0 = Debug|Any CPU
		{C83F5044-52D1-4BBE-B88F-1510DFC85683}.Debug|x64.ActiveCfg = Debug|Any CPU
		{C83F5044-52D1-4BBE-B88F-1510DFC85683}.Debug|x64.Build.0 = Debug|Any CPU
		{C83F5044-52D1-4BBE-B88F-1510DFC85683}.Debug|x86.ActiveCfg = Debug|Any CPU
		{C83F5044-52D1-4BBE-B88F-1510DFC85683}.Debug|x86.Build.0 = Debug|Any CPU
		{C83F5044-52D1-4BBE-B88F-1510DFC85683}.Release|Any CPU.ActiveCfg = Release|Any CPU
		{C83F5044-52D1-4BBE-B88F-1510DFC85683}.Release|Any CPU.Build.0 = Release|Any CPU
		{C83F5044-52D1-4BBE-B88F-1510DFC85683}.Release|x64.ActiveCfg = Release|Any CPU
		{C83F5044-52D1-4BBE-B88F-1510DFC85683}.Release|x64.Build.0 = Release|Any CPU
		{C83F5044-52D1-4BBE-B88F-1510DFC85683}.Release|x86.ActiveCfg = Release|Any CPU
		{C83F5044-52D1-4BBE-B88F-1510DFC85683}.Release|x86.Build.0 = Release|Any CPU
		{1C28066A-A5E0-408C-80A2-B871C0916481}.Debug|Any CPU.ActiveCfg = Debug|Any CPU
		{1C28066A-A5E0-408C-80A2-B871C0916481}.Debug|Any CPU.Build.0 = Debug|Any CPU
		{1C28066A-A5E0-408C-80A2-B871C0916481}.Debug|x64.ActiveCfg = Debug|Any CPU
		{1C28066A-A5E0-408C-80A2-B871C0916481}.Debug|x64.Build.0 = Debug|Any CPU
		{1C28066A-A5E0-408C-80A2-B871C0916481}.Debug|x86.ActiveCfg = Debug|Any CPU
		{1C28066A-A5E0-408C-80A2-B871C0916481}.Debug|x86.Build.0 = Debug|Any CPU
		{1C28066A-A5E0-408C-80A2-B871C0916481}.Release|Any CPU.ActiveCfg = Release|Any CPU
		{1C28066A-A5E0-408C-80A2-B871C0916481}.Release|Any CPU.Build.0 = Release|Any CPU
		{1C28066A-A5E0-408C-80A2-B871C0916481}.Release|x64.ActiveCfg = Release|Any CPU
		{1C28066A-A5E0-408C-80A2-B871C0916481}.Release|x64.Build.0 = Release|Any CPU
		{1C28066A-A5E0-408C-80A2-B871C0916481}.Release|x86.ActiveCfg = Release|Any CPU
		{1C28066A-A5E0-408C-80A2-B871C0916481}.Release|x86.Build.0 = Release|Any CPU
		{7964AC50-3260-47A6-BA97-92B2E0330BB7}.Debug|Any CPU.ActiveCfg = Debug|Any CPU
		{7964AC50-3260-47A6-BA97-92B2E0330BB7}.Debug|Any CPU.Build.0 = Debug|Any CPU
		{7964AC50-3260-47A6-BA97-92B2E0330BB7}.Debug|x64.ActiveCfg = Debug|Any CPU
		{7964AC50-3260-47A6-BA97-92B2E0330BB7}.Debug|x64.Build.0 = Debug|Any CPU
		{7964AC50-3260-47A6-BA97-92B2E0330BB7}.Debug|x86.ActiveCfg = Debug|Any CPU
		{7964AC50-3260-47A6-BA97-92B2E0330BB7}.Debug|x86.Build.0 = Debug|Any CPU
		{7964AC50-3260-47A6-BA97-92B2E0330BB7}.Release|Any CPU.ActiveCfg = Release|Any CPU
		{7964AC50-3260-47A6-BA97-92B2E0330BB7}.Release|Any CPU.Build.0 = Release|Any CPU
		{7964AC50-3260-47A6-BA97-92B2E0330BB7}.Release|x64.ActiveCfg = Release|Any CPU
		{7964AC50-3260-47A6-BA97-92B2E0330BB7}.Release|x64.Build.0 = Release|Any CPU
		{7964AC50-3260-47A6-BA97-92B2E0330BB7}.Release|x86.ActiveCfg = Release|Any CPU
		{7964AC50-3260-47A6-BA97-92B2E0330BB7}.Release|x86.Build.0 = Release|Any CPU
		{8FA22007-3838-4CAB-9392-DC35C758F324}.Debug|Any CPU.ActiveCfg = Debug|Any CPU
		{8FA22007-3838-4CAB-9392-DC35C758F324}.Debug|Any CPU.Build.0 = Debug|Any CPU
		{8FA22007-3838-4CAB-9392-DC35C758F324}.Debug|x64.ActiveCfg = Debug|Any CPU
		{8FA22007-3838-4CAB-9392-DC35C758F324}.Debug|x64.Build.0 = Debug|Any CPU
		{8FA22007-3838-4CAB-9392-DC35C758F324}.Debug|x86.ActiveCfg = Debug|Any CPU
		{8FA22007-3838-4CAB-9392-DC35C758F324}.Debug|x86.Build.0 = Debug|Any CPU
		{8FA22007-3838-4CAB-9392-DC35C758F324}.Release|Any CPU.ActiveCfg = Release|Any CPU
		{8FA22007-3838-4CAB-9392-DC35C758F324}.Release|Any CPU.Build.0 = Release|Any CPU
		{8FA22007-3838-4CAB-9392-DC35C758F324}.Release|x64.ActiveCfg = Release|Any CPU
		{8FA22007-3838-4CAB-9392-DC35C758F324}.Release|x64.Build.0 = Release|Any CPU
		{8FA22007-3838-4CAB-9392-DC35C758F324}.Release|x86.ActiveCfg = Release|Any CPU
		{8FA22007-3838-4CAB-9392-DC35C758F324}.Release|x86.Build.0 = Release|Any CPU
	EndGlobalSection
	GlobalSection(SolutionProperties) = preSolution
		HideSolutionNode = FALSE
	EndGlobalSection
	GlobalSection(NestedProjects) = preSolution
		{DF49264C-BA41-4845-8D7E-C7AD4EA75E8B} = {827E0CD3-B72D-47B6-A68D-7590B98EB39B}
		{F073C884-8AC5-48A9-B1E1-7722CED30134} = {827E0CD3-B72D-47B6-A68D-7590B98EB39B}
		{630195F3-5CB4-4414-A951-AA85D8277338} = {827E0CD3-B72D-47B6-A68D-7590B98EB39B}
		{1BF9A82C-326A-4F4B-8F0F-5C1F847AAFCB} = {827E0CD3-B72D-47B6-A68D-7590B98EB39B}
		{DA6573A1-93D7-49C7-8E60-5DA4ACB4AE30} = {827E0CD3-B72D-47B6-A68D-7590B98EB39B}
		{17DDC83D-84E4-4841-A127-58B4F743115E} = {827E0CD3-B72D-47B6-A68D-7590B98EB39B}
		{28B306BF-B051-4368-9DB0-CEA2B70E1BB4} = {827E0CD3-B72D-47B6-A68D-7590B98EB39B}
		{D3C1EA10-CA71-4DEF-AA10-3920067BFCB5} = {827E0CD3-B72D-47B6-A68D-7590B98EB39B}
		{FBA7F058-500B-4261-8CB3-1CFA670E6682} = {827E0CD3-B72D-47B6-A68D-7590B98EB39B}
		{F22E1512-7183-48D6-8EA7-DC0EB1B01518} = {827E0CD3-B72D-47B6-A68D-7590B98EB39B}
		{FB3DF6AA-93C5-428F-8F06-5ED9F63F8BF7} = {827E0CD3-B72D-47B6-A68D-7590B98EB39B}
		{E1431A4D-DDB0-4DB8-87C8-A4D44E13C7A7} = {827E0CD3-B72D-47B6-A68D-7590B98EB39B}
		{193CDAAF-61F9-4409-9795-B6F931414D1E} = {827E0CD3-B72D-47B6-A68D-7590B98EB39B}
		{C83F5044-52D1-4BBE-B88F-1510DFC85683} = {827E0CD3-B72D-47B6-A68D-7590B98EB39B}
		{1C28066A-A5E0-408C-80A2-B871C0916481} = {827E0CD3-B72D-47B6-A68D-7590B98EB39B}
		{7964AC50-3260-47A6-BA97-92B2E0330BB7} = {827E0CD3-B72D-47B6-A68D-7590B98EB39B}
		{8FA22007-3838-4CAB-9392-DC35C758F324} = {827E0CD3-B72D-47B6-A68D-7590B98EB39B}
	EndGlobalSection
EndGlobal
